
Microsoft Visual Studio Solution File, Format Version 12.00
# Visual Studio Version 17
VisualStudioVersion = 17.3.32901.215
MinimumVisualStudioVersion = 10.0.40219.1
Project("{9A19103F-16F7-4668-BE54-9A1E7A4F7556}") = "DumbThings", "DumbThings\DumbThings.csproj", "{97B3E904-1068-4592-95A0-ACAC68E216F6}"
EndProject
Project("{9A19103F-16F7-4668-BE54-9A1E7A4F7556}") = "Dumb.Application", "Dumb.Application\Dumb.Application.csproj", "{CD95856C-E7DE-4C68-9FFC-64E1F012ABDA}"
EndProject
Project("{9A19103F-16F7-4668-BE54-9A1E7A4F7556}") = "Dumb.Domain", "Dumb.Domain\Dumb.Domain.csproj", "{A47CA218-A4FA-473A-A1E6-F7F5176AA834}"
EndProject
Project("{9A19103F-16F7-4668-BE54-9A1E7A4F7556}") = "DumbThings.Blazor.UI", "DumbThings.Blazor.UI\DumbThings.Blazor.UI.csproj", "{1F54179A-558F-49AA-8EC1-374C264EEF46}"
EndProject
Global
	GlobalSection(SolutionConfigurationPlatforms) = preSolution
		Debug|Any CPU = Debug|Any CPU
		Release|Any CPU = Release|Any CPU
	EndGlobalSection
	GlobalSection(ProjectConfigurationPlatforms) = postSolution
		{97B3E904-1068-4592-95A0-ACAC68E216F6}.Debug|Any CPU.ActiveCfg = Debug|Any CPU
		{97B3E904-1068-4592-95A0-ACAC68E216F6}.Debug|Any CPU.Build.0 = Debug|Any CPU
		{97B3E904-1068-4592-95A0-ACAC68E216F6}.Release|Any CPU.ActiveCfg = Release|Any CPU
		{97B3E904-1068-4592-95A0-ACAC68E216F6}.Release|Any CPU.Build.0 = Release|Any CPU
		{CD95856C-E7DE-4C68-9FFC-64E1F012ABDA}.Debug|Any CPU.ActiveCfg = Debug|Any CPU
		{CD95856C-E7DE-4C68-9FFC-64E1F012ABDA}.Debug|Any CPU.Build.0 = Debug|Any CPU
		{CD95856C-E7DE-4C68-9FFC-64E1F012ABDA}.Release|Any CPU.ActiveCfg = Release|Any CPU
		{CD95856C-E7DE-4C68-9FFC-64E1F012ABDA}.Release|Any CPU.Build.0 = Release|Any CPU
		{A47CA218-A4FA-473A-A1E6-F7F5176AA834}.Debug|Any CPU.ActiveCfg = Debug|Any CPU
		{A47CA218-A4FA-473A-A1E6-F7F5176AA834}.Debug|Any CPU.Build.0 = Debug|Any CPU
		{A47CA218-A4FA-473A-A1E6-F7F5176AA834}.Release|Any CPU.ActiveCfg = Release|Any CPU
		{A47CA218-A4FA-473A-A1E6-F7F5176AA834}.Release|Any CPU.Build.0 = Release|Any CPU
		{1F54179A-558F-49AA-8EC1-374C264EEF46}.Debug|Any CPU.ActiveCfg = Debug|Any CPU
		{1F54179A-558F-49AA-8EC1-374C264EEF46}.Debug|Any CPU.Build.0 = Debug|Any CPU
		{1F54179A-558F-49AA-8EC1-374C264EEF46}.Release|Any CPU.ActiveCfg = Release|Any CPU
		{1F54179A-558F-49AA-8EC1-374C264EEF46}.Release|Any CPU.Build.0 = Release|Any CPU
	EndGlobalSection
	GlobalSection(SolutionProperties) = preSolution
		HideSolutionNode = FALSE
	EndGlobalSection
	GlobalSection(ExtensibilityGlobals) = postSolution
		SolutionGuid = {B5AA62AC-3A58-475E-9316-50F60001CBD6}
	EndGlobalSection
EndGlobal
